
Microsoft Visual Studio Solution File, Format Version 12.00
# Visual Studio Version 16
VisualStudioVersion = 16.0.32602.291
MinimumVisualStudioVersion = 10.0.40219.1
Project("{D2ABAB84-BF74-430A-B69E-9DC6D40DDA17}") = "Umsatz_S80287", "Umsatz_S80287\Umsatz_S80287.dwproj", "{D6FA47D7-6376-4ACF-BD41-ED2E65BA8D05}"
EndProject
Global
	GlobalSection(SolutionConfigurationPlatforms) = preSolution
		Development|Default = Development|Default
	EndGlobalSection
	GlobalSection(ProjectConfigurationPlatforms) = postSolution
		{D6FA47D7-6376-4ACF-BD41-ED2E65BA8D05}.Development|Default.ActiveCfg = Development
		{D6FA47D7-6376-4ACF-BD41-ED2E65BA8D05}.Development|Default.Build.0 = Development
		{D6FA47D7-6376-4ACF-BD41-ED2E65BA8D05}.Development|Default.Deploy.0 = Development
	EndGlobalSection
	GlobalSection(SolutionProperties) = preSolution
		HideSolutionNode = FALSE
	EndGlobalSection
	GlobalSection(ExtensibilityGlobals) = postSolution
		SolutionGuid = {0F7D941B-A9AD-4F0D-8807-5BFA3905A2A8}
	EndGlobalSection
EndGlobal
